AFRIAI DOCK VOICE INTERFACE V1 LOCK

PHASE=afriai-dock-voice-interface-v1

FEATURES:
- Premium microphone surface
- Voice interaction states
- Command entry visual layer
- Responsive voice UI behavior

BOUNDARY:
- AfriAI UI presents voice interaction
- Voice engine remains separate
- Backend owns processing services
- No business logic in frontend
- No global UI injection

Validation completed
Composition PASS
Build PASS
Ownership recorded
