AFRIDIGITAL FINAL PHASE LOCK

PHASE=landing-tier1-production-ui-v1

STATUS=COMPLETE

VERIFICATION:
- Audit PASS
- Architecture PASS
- Ownership PASS
- Validation PASS

RULES:
- Single responsibility modules
- Frontend renders UI only
- Backend owns business logic
- No duplicate ownership
- No global UI injection

RESULT=SEALED
