AFRIAI DOCK PRODUCTION UI V1 LOCK

PHASE=afriai-dock-production-ui-v1

FEATURES:
- Premium public AfriAI dock
- Expandable conversation interface
- Animated microphone surface
- Public prompt suggestions
- Public ecosystem cards
- Responsive production UI
- Voice-ready interaction surface

BOUNDARY:
- Public landing experience only
- No authenticated user data
- No notification center
- No business logic in frontend
- Backend owns AI orchestration
- Admin controls configuration

Validation completed
Composition PASS
Build PASS
Ownership recorded
