========================================
⚛️ AFRIDIGITAL NUCLEAR CHAIN :: HERO AUTHORITATIVE FINAL
========================================
LOCK OBJECTIVES
- One authoritative hero CSS block only
- Remove legacy hero CSS
- Full-width world map background
- Full-width navigation
- Larger navigation controls
- Centered AfriDigital with separated shield
- Reduced hero height and top spacing
- Preserve presentation-only architecture
========================================
