========================================
⚛️ AFRIDIGITAL NUCLEAR CHAIN :: HERO PREMIUM POLISH
========================================
TARGETS
- Increase ☰ Login Sign Up 🔔 👤 font sizes
- Stretch navigation utility row to full width
- Move 🛡️ farther left
- Keep AfriDigital perfectly centered and bold
- Reduce hero height to ~65vh
- Move hero heading upward
- Remove unused legacy hero CSS (.landing-hero-topbar, .landing-brand, .landing-actions) after verification
- Keep world map full-width background
========================================
