AFRIAI DOCK VISUAL IMPLEMENTATION V1 LOCK

PHASE=afriai-dock-visual-implementation-v1

FEATURES:
- Premium glass AI dock
- Public AI gateway experience
- Prompt interaction surface
- Visible microphone visual state
- Expandable ecosystem cards
- Responsive landing presentation

BOUNDARY:
- Public landing UI only
- No authenticated AI ownership
- No admin ownership
- No business logic in UI

Validation completed
Composition PASS
Build PASS
Ownership recorded
