⚛️ AfriNucChain
COMMIT 6 — ENTERPRISE CSS POLISH & FINAL VALIDATION

TARGET FILE
- src/pages/landing/products/showcase/AfriCCTV/styles/africctv-enterprise.css

OBJECTIVES
[ ] Refine enterprise glassmorphism
[ ] Unify spacing and typography
[ ] Improve monitor wall alignment
[ ] Polish status badges and widgets
[ ] Optimize desktop layout
[ ] Optimize mobile layout (single camera on mobile)
[ ] Preserve responsive behavior
[ ] Final UI consistency review

VALIDATION
npm run build
git diff -- src/pages/landing/products/showcase/AfriCCTV/styles/africctv-enterprise.css
git status

COMMIT MESSAGE
style(africctv): finalize enterprise landing UI polish

RULES
- Modify africctv-enterprise.css only
- No JSX/component changes
- No new landing components
- EnterpriseMonitor.jsx remains the only composition root
- Preserve existing architecture
