AFRICOMMERCE UI ENHANCEMENT V1 LOCK

PHASE=africommerce-ui-enhancement-v1

FEATURES:
- Premium marketplace landing UI
- Featured product cards
- Trending product categories
- Verified merchant showcase
- AI-powered product discovery entry
- Sponsored product slots (clearly labelled)
- Responsive production layout
- Explore Marketplace CTA

BOUNDARY:
- Landing showcase only
- No checkout
- No seller dashboard
- No frontend business logic
- Backend owns products, pricing, inventory, recommendations and advertising

Validation completed
Composition PASS
Build PASS
Ownership recorded
