AFRICCTV COMPOSITION CONSOLIDATION

OBJECTIVE:
SINGLE ENTERPRISE MONITOR
SINGLE CAMERA WALL
SINGLE ENTERPRISE HEADER
REUSE MARKETING VISUAL ASSETS
KEEP HERO
KEEP SIDEBAR
KEEP CAMERA STRIP
KEEP CTA

BOUNDARY:
LANDING SHOWCASE ONLY
COMPOSITION ONLY
PARTIALS ONLY
NO BUSINESS LOGIC
NO API
NO ENGINE
NO RUNTIME
NO ADMIN
NO USER APP

PIPELINE:
AUDIT > CONSOLIDATE > VALIDATE > SNAPSHOT > LOCK > COMMIT
