AFRISPORTS LIVE ARENA V2 LOCK

PHASE=afrisports-live-arena-v2

FEATURES:
- Live Match Intelligence Arena
- Live score surface
- Upcoming fixtures
- Featured competitions
- AI match insight preview
- Public landing experience
- Responsive showcase

BOUNDARY:
- Landing UI only
- Read-only public sports data
- No authenticated features
- No betting features
- Backend owns live sports data

Validation completed
Composition PASS
Build PASS
Ownership recorded
