AFRICCTV ATOMIC IMPLEMENTATION

FILES:
src/pages/landing/products/showcase/AfriCCTV/partials/EnterpriseHeader.jsx
src/pages/landing/products/showcase/AfriCCTV/partials/CameraFeed.jsx
src/pages/landing/products/showcase/AfriCCTV/partials/CameraWall.jsx
src/pages/landing/products/showcase/AfriCCTV/partials/SOCWidgets.jsx
src/pages/landing/products/showcase/AfriCCTV/styles/africctv-enterprise.css

IMPLEMENTATION TARGET:
Enterprise Shield Header
Live Clock
Deployment Health
Enterprise Status Chips
Professional CCTV HUD
Camera Timestamp Layer
Camera Location Labels
AI Scan Overlay
Glass SOC Widgets
Desktop 2x2 Camera Wall
Mobile Single Camera
Hero And Monitor Separation

ARCHITECTURE:
Single Canonical EnterpriseMonitor
Composition Locked
Landing Showcase Only
No Business Logic
No API
No Engine
No Runtime

NEXT:
Populate JSX And CSS
Validate Render
Snapshot
Commit
