AFRICCTV ENTERPRISE IMPLEMENTATION BATCH

FILES:
partials/EnterpriseHeader.jsx
partials/CameraFeed.jsx
partials/CameraWall.jsx
partials/SOCWidgets.jsx
styles/africctv-enterprise.css

FEATURES:
Enterprise Shield Branding
Live Clock Presentation
Deployment Health Indicator
Professional CCTV HUD
Camera Timestamp Layer
Camera Location Labels
AI Scan Animation
Glass SOC Panels
Desktop 2x2 Camera Wall
Mobile Single Camera
Responsive Enterprise Layout

BOUNDARY:
EnterpriseMonitor Composition Locked
Landing Showcase Only
No Business Logic
No API
No Engine
No Runtime

PIPELINE:
IMPLEMENT > STYLE > VALIDATE > SNAPSHOT > COMMIT
