AFRICCTV CINEMATIC BUILD START

PARTIALS:
EnterpriseHeader.jsx
CameraFeed.jsx
CameraWall.jsx
SOCWidgets.jsx

TASKS:
Enterprise Shield Header
Live Clock UI
Deployment Health Chip
Professional CCTV HUD
Camera Timestamp UI
Camera Location Labels
AI Scan Overlay
Glass SOC Widgets
Responsive 2x2 Desktop Grid
Responsive Single Mobile Feed

ARCHITECTURE:
EnterpriseMonitor LOCKED
Composition LOCKED
Landing Showcase ONLY
READY FOR JSX IMPLEMENTATION
