AFRICCTV ENTERPRISE CINEMATIC INTEGRATION

TARGETS:
REALISTIC 2X2 CAMERA WALL
PROFESSIONAL CCTV HUD
CAMERA TIMESTAMPS
CAMERA LOCATION LABELS
LIVE CLOCK
SHIELD BRANDING
GLASS SOC PANELS
AI SCAN ANIMATIONS
RESPONSIVE DESKTOP MOBILE

BOUNDARY:
COMPOSITION LOCKED
PARTIALS LOCKED
LANDING SHOWCASE ONLY
NO BUSINESS LOGIC
NO API
NO ENGINE

PIPELINE:
BOOTSTRAP > POPULATE > VALIDATE > SNAPSHOT > LOCK > COMMIT
