AFRICCTV NUC CHAIN EXECUTION

IMPLEMENTING:
✓ partials/EnterpriseHeader.jsx
✓ partials/CameraFeed.jsx
✓ partials/CameraWall.jsx
✓ partials/SOCWidgets.jsx
✓ styles/africctv-enterprise.css

EXPECTED RESULT:
• Hero separated from monitor
• 2x2 desktop camera wall
• Single mobile camera
• Enterprise shield branding
• Live clock
• CCTV HUD
• Camera timestamps
• Camera location labels
• AI scan overlay
• Glass SOC cards

ARCHITECTURE:
Landing Showcase Only
Composition Locked
Partials Only
No Business Logic
No API
No Engine
Ready For JSX + CSS Population
