AFRICCTV IMPLEMENTATION EXECUTION

STARTING:
EnterpriseHeader.jsx
CameraFeed.jsx
CameraWall.jsx
SOCWidgets.jsx
africctv-enterprise.css

MISSION:
Replace placeholder UI with cinematic enterprise CCTV showcase
Render professional 2x2 desktop monitoring wall
Render single mobile camera
Enable enterprise shield branding
Enable live clock
Enable deployment health chip
Enable CCTV HUD
Enable AI scan overlay
Enable glass SOC widgets

STATUS:
SOURCE IMPLEMENTATION ACTIVE
NEXT=WRITE JSX + CSS
