AFRICCTV CINEMATIC IMPLEMENTATION

IMPLEMENT:
EnterpriseHeader
CameraFeed
CameraWall
SOCWidgets

VISUALS:
Enterprise Shield Branding
Live Clock
Deployment Health
Professional CCTV HUD
Camera Timestamp
Location Labels
AI Scan Animation
Glass SOC Cards
Desktop 2x2 Camera Grid
Mobile Single Camera

BOUNDARY:
EnterpriseMonitor Composition Unchanged
No Business Logic
No API
No Engine
No Runtime
Landing Showcase Only

STATUS:
READY FOR PARTIAL IMPLEMENTATION
