AFRICCTV CINEMATIC POPULATE

ENTERPRISE HEADER READY
4 CAMERA WALL READY
CAM-01 MAIN ENTRANCE
CAM-02 PARKING
CAM-03 WAREHOUSE
CAM-04 RECEPTION
LIVE CLOCK PRESENTATION
DEPLOYMENT HEALTH INDICATOR
CAMERA HUD LAYER
TIMESTAMP LAYER
LOCATION LABELS
AI SCAN OVERLAY
GLASS SOC PANELS
SHIELD BRANDING
RESPONSIVE DESKTOP 2X2
RESPONSIVE MOBILE SINGLE FEED
COMPOSITION UNCHANGED
