AFRIAI DOCK VISUAL V1 LOCK

PHASE=afriai-dock-visual-v1

OWNER=Landing AfriAIDock

FEATURES:
- Premium glass dock interface
- Expandable intelligence surface
- Chat presentation layer
- Microphone visual control
- Notification card surface
- Responsive dock layout

BOUNDARY:
- UI only
- No AI engine ownership
- No backend logic
- No global shell injection

Validation completed
Composition PASS
Build PASS
Ownership recorded
