⚛️ AfriNucChain
COMMIT 1 — ENTERPRISE HEADER IMPLEMENTATION

TARGET FILES
- src/pages/landing/products/showcase/AfriCCTV/partials/EnterpriseHeader.jsx
- src/pages/landing/products/showcase/AfriCCTV/styles/africctv-enterprise.css

OBJECTIVES
[ ] AfriCCTV brand + Enterprise Security Suite subtitle
[ ] LIVE status badge
[ ] Deployment Health badge
[ ] AES-256 badge
[ ] Africa Region badge
[ ] Live Clock placeholder
[ ] Glass enterprise styling
[ ] Responsive layout

VALIDATION
npm run build
git diff -- src/pages/landing/products/showcase/AfriCCTV/partials/EnterpriseHeader.jsx src/pages/landing/products/showcase/AfriCCTV/styles/africctv-enterprise.css
git status

COMMIT MESSAGE
feat(africctv): implement enterprise SOC header

RULES
- Modify existing files only
- EnterpriseMonitor.jsx remains unchanged
- No duplicate components
- No new landing components
