AFRICOMMERCE PRODUCTION IMPLEMENTATION V1 LOCK

PHASE=africommerce-production-implementation-v1

FEATURES:
- Premium AfriCommerce landing showcase
- Featured marketplace products
- Trending categories
- Verified merchant highlights
- AI-assisted product discovery entry
- Sponsored product placements (clearly labelled)
- Responsive production UI
- Explore Marketplace CTA

BOUNDARY:
- Landing showcase only
- No checkout flow
- No seller dashboard
- No business logic in frontend
- Backend owns products, pricing, inventory, recommendations and ads

Validation completed
Composition PASS
Build PASS
Ownership recorded
