⚛️ AfriNucChain
PHASE 01 — ENTERPRISE HEADER

TARGET FILES
- src/pages/landing/products/showcase/AfriCCTV/partials/EnterpriseHeader.jsx
- src/pages/landing/products/showcase/AfriCCTV/styles/africctv-enterprise.css

MODIFICATION MODE
- MODIFY EXISTING FILES ONLY
- DO NOT CREATE NEW COMPONENTS
- DO NOT RENAME FILES
- DO NOT CHANGE EnterpriseMonitor.jsx

OBJECTIVES
- Upgrade AfriCCTV branding
- Add Enterprise Security Suite subtitle
- Add LIVE status badge
- Add Deployment Health badge
- Add AES-256 security badge
- Add Africa Region badge
- Add Live Clock placeholder
- Apply enterprise glass styling
- Preserve responsive layout

ARCHITECTURE
Single Source of Truth:
EnterpriseMonitor.jsx
