MODULE=AfriTrust
PHASE=Achievement Runtime V1
STATUS=LOCKED
TYPE=ACHIEVEMENT_EXPERIENCE_LAYER
OWNER=AfriTrustCore
INPUT=BadgeEvolution,Verification,TrustMilestones,PremiumStatus
OUTPUT=AchievementEvents
CONNECTED=BadgeEvolutionEngine,ReputationTimeline,PublicDisplay,AfriAI,Notifications
RULE=Achievement events celebrate positive trust milestones without affecting trust calculation
