⚛️ AfriNucChain
COMMIT 5 — ENTERPRISE SIDEBAR IMPLEMENTATION

TARGET FILES
- src/pages/landing/products/showcase/AfriCCTV/marketing/EnterpriseSidebar.jsx
- src/pages/landing/products/showcase/AfriCCTV/styles/africctv-enterprise.css

OBJECTIVES
[ ] Enterprise Security Operations title
[ ] Professional system statistics cards
[ ] Status indicators for each metric
[ ] Glassmorphism sidebar styling
[ ] Consistent spacing and typography
[ ] Responsive desktop/mobile layout

VALIDATION
npm run build
git diff -- src/pages/landing/products/showcase/AfriCCTV/marketing/EnterpriseSidebar.jsx src/pages/landing/products/showcase/AfriCCTV/styles/africctv-enterprise.css
git status

COMMIT MESSAGE
feat(africctv): implement enterprise sidebar

RULES
- Modify existing EnterpriseSidebar.jsx only
- CSS changes only in africctv-enterprise.css
- No new landing components
- EnterpriseMonitor.jsx remains the only composition root
