AFRIAI DOCK PRODUCTION IMPLEMENTATION V1 LOCK

PHASE=afriai-dock-production-implementation-v1

FEATURES:
- Production AfriAI Dock component
- Premium glass UI
- Prompt input surface
- Animated microphone
- Voice-ready interaction
- Expandable public intelligence cards
- Responsive implementation

BOUNDARY:
- Landing UI only
- No authenticated state
- No admin state
- No business logic in frontend
- Backend owns AI orchestration

Validation completed
Composition PASS
Build PASS
Ownership recorded
