MODULE=AfriTick
PHASE=AfriCoin Payment Workflow V1
STATUS=LOCKED
TYPE=PAYMENT_PROCESSING_LAYER
OWNER=AfriTickCore
INPUT=SubscriptionPlan,Wallet,PaymentMethod
OUTPUT=PaymentConfirmation,MembershipActivation
CONNECTED=AfriCoin,Wallet,AfriTickBilling,SubscriptionEngine,BenefitsEngine
RULE=AfriTick payments activate membership only after verified payment confirmation
RULE_2=Payment activity never contributes to AfriTrust reputation scores
