LANDING TIER 1 PRODUCTION UI V1 AUDIT

STATUS=VERIFIED

CHECKS:
- Architecture lock verified
- Component map verified
- Ownership boundaries verified
- Frontend UI responsibility verified
- Backend responsibility boundary verified
- Build validation verified
- Composition validation verified

RESULT=PASS
PHASE=READY_FOR_LOCK
