AFRINUCCHAIN WAVE-522 LOCK

Module:
AfriBank Wallet Profile Foundation

Completed:

- Multi-wallet architecture
- AfriCoin wallet boundary
- Native currency wallet boundary
- Crypto wallet boundary
- Escrow wallet foundation

Ownership:

AFRIPAY
    |
AFRIBANK

Next:
WAVE-523 Seller Payment Settlement Engine
