AFRINUCCHAIN WAVE-523 LOCK

Module:
Seller Payment Settlement Engine

Completed:

- Seller settlement contract
- Escrow release boundary
- Settlement engine foundation
- Settlement ledger foundation

Ownership:

AFRIPAY
 |
AFRIBANK
 |
AFRICOMMERCE

Next:
WAVE-524 Transaction Ledger + Financial Audit
