⚛️ AfriNucChain
COMMIT 3 — CAMERA WALL IMPLEMENTATION

TARGET FILES
- src/pages/landing/products/showcase/AfriCCTV/partials/CameraWall.jsx
- src/pages/landing/products/showcase/AfriCCTV/styles/africctv-enterprise.css

OBJECTIVES
[ ] Enterprise 2×2 monitor wall
[ ] Equal monitor sizing
[ ] Professional spacing
[ ] Responsive desktop/mobile layout
[ ] Glass monitor container
[ ] Enterprise dashboard appearance

VALIDATION
npm run build
git diff -- src/pages/landing/products/showcase/AfriCCTV/partials/CameraWall.jsx src/pages/landing/products/showcase/AfriCCTV/styles/africctv-enterprise.css
git status

COMMIT MESSAGE
feat(africctv): implement enterprise camera wall

RULES
- Modify existing CameraWall.jsx only
- CSS changes only in africctv-enterprise.css
- No duplicate monitor implementations
- EnterpriseMonitor.jsx remains the only composition root
